
Microsoft Visual Studio Solution File, Format Version 12.00
# Visual Studio 15
VisualStudioVersion = 15.0.28307.168
MinimumVisualStudioVersion = 10.0.40219.1
Project("{FAE04EC0-301F-11D3-BF4B-00C04F79EFBC}") = "QnA Wpf", "QnA Wpf\QnA Wpf.csproj", "{567D4EB0-B2E3-4493-85EC-65B413073F9F}"
EndProject
Project("{FAE04EC0-301F-11D3-BF4B-00C04F79EFBC}") = "Questions", "Questions\Questions.csproj", "{647FF548-416A-4619-9912-B93D83DE1C9A}"
EndProject
Global
	GlobalSection(SolutionConfigurationPlatforms) = preSolution
		Debug|Any CPU = Debug|Any CPU
		Release|Any CPU = Release|Any CPU
	EndGlobalSection
	GlobalSection(ProjectConfigurationPlatforms) = postSolution
		{567D4EB0-B2E3-4493-85EC-65B413073F9F}.Debug|Any CPU.ActiveCfg = Debug|Any CPU
		{567D4EB0-B2E3-4493-85EC-65B413073F9F}.Debug|Any CPU.Build.0 = Debug|Any CPU
		{567D4EB0-B2E3-4493-85EC-65B413073F9F}.Release|Any CPU.ActiveCfg = Release|Any CPU
		{567D4EB0-B2E3-4493-85EC-65B413073F9F}.Release|Any CPU.Build.0 = Release|Any CPU
		{647FF548-416A-4619-9912-B93D83DE1C9A}.Debug|Any CPU.ActiveCfg = Debug|Any CPU
		{647FF548-416A-4619-9912-B93D83DE1C9A}.Debug|Any CPU.Build.0 = Debug|Any CPU
		{647FF548-416A-4619-9912-B93D83DE1C9A}.Release|Any CPU.ActiveCfg = Release|Any CPU
		{647FF548-416A-4619-9912-B93D83DE1C9A}.Release|Any CPU.Build.0 = Release|Any CPU
	EndGlobalSection
	GlobalSection(SolutionProperties) = preSolution
		HideSolutionNode = FALSE
	EndGlobalSection
	GlobalSection(ExtensibilityGlobals) = postSolution
		SolutionGuid = {0DB95CBB-3A5B-4CF2-808C-F393D7A6D52F}
	EndGlobalSection
EndGlobal
